
Microsoft Visual Studio Solution File, Format Version 12.00
# Visual Studio Version 16
VisualStudioVersion = 16.0.30002.166
MinimumVisualStudioVersion = 10.0.40219.1
Project("{888888A0-9F3D-457C-B088-3A5042F75D52}") = "Python-test", "Python-test\Python-test.pyproj", "{D03E01DD-0547-4B1A-8DA5-EEAC4FFB3054}"
EndProject
Global
	GlobalSection(SolutionConfigurationPlatforms) = preSolution
		Debug|Any CPU = Debug|Any CPU
		Release|Any CPU = Release|Any CPU
	EndGlobalSection
	GlobalSection(ProjectConfigurationPlatforms) = postSolution
		{D03E01DD-0547-4B1A-8DA5-EEAC4FFB3054}.Debug|Any CPU.ActiveCfg = Debug|Any CPU
		{D03E01DD-0547-4B1A-8DA5-EEAC4FFB3054}.Release|Any CPU.ActiveCfg = Release|Any CPU
	EndGlobalSection
	GlobalSection(SolutionProperties) = preSolution
		HideSolutionNode = FALSE
	EndGlobalSection
	GlobalSection(ExtensibilityGlobals) = postSolution
		SolutionGuid = {E3C2071F-BCF1-45CC-81AB-B3E3B0B31184}
	EndGlobalSection
EndGlobal
